
Microsoft Visual Studio Solution File, Format Version 12.00
# Visual Studio 15
VisualStudioVersion = 15.0.27703.2018
MinimumVisualStudioVersion = 10.0.40219.1
Project("{FAE04EC0-301F-11D3-BF4B-00C04F79EFBC}") = "IO_PROJECT_FIN", "IO_PROJECT_FIN\IO_PROJECT_FIN.csproj", "{BE7836F5-7909-43D2-A271-11FDD5C0A3EE}"
EndProject
Global
	GlobalSection(SolutionConfigurationPlatforms) = preSolution
		Debug|Any CPU = Debug|Any CPU
		Release|Any CPU = Release|Any CPU
	EndGlobalSection
	GlobalSection(ProjectConfigurationPlatforms) = postSolution
		{BE7836F5-7909-43D2-A271-11FDD5C0A3EE}.Debug|Any CPU.ActiveCfg = Debug|Any CPU
		{BE7836F5-7909-43D2-A271-11FDD5C0A3EE}.Debug|Any CPU.Build.0 = Debug|Any CPU
		{BE7836F5-7909-43D2-A271-11FDD5C0A3EE}.Release|Any CPU.ActiveCfg = Release|Any CPU
		{BE7836F5-7909-43D2-A271-11FDD5C0A3EE}.Release|Any CPU.Build.0 = Release|Any CPU
	EndGlobalSection
	GlobalSection(SolutionProperties) = preSolution
		HideSolutionNode = FALSE
	EndGlobalSection
	GlobalSection(ExtensibilityGlobals) = postSolution
		SolutionGuid = {B6F1D826-841B-4722-BFBC-2503EC5FA785}
	EndGlobalSection
EndGlobal
